// !$*UTF8*$!
{
	archiveVersion = 1;
	classes = {
	};
	objectVersion = 46;
	objects = {

/* Begin PBXBuildFile section */
		892F29811EBC4F450060B558 /* AppDelegate.swift in Sources */ = {isa = PBXBuildFile; fileRef = 892F29801EBC4F450060B558 /* AppDelegate.swift */; };
		892F29831EBC4F450060B558 /* ViewController.swift in Sources */ = {isa = PBXBuildFile; fileRef = 892F29821EBC4F450060B558 /* ViewController.swift */; };
		892F29861EBC4F450060B558 /* Main.storyboard in Resources */ = {isa = PBXBuildFile; fileRef = 892F29841EBC4F450060B558 /* Main.storyboard */; };
		892F29881EBC4F450060B558 /* Assets.xcassets in Resources */ = {isa = PBXBuildFile; fileRef = 892F29871EBC4F450060B558 /* Assets.xcassets */; };
		892F298B1EBC4F450060B558 /* LaunchScreen.storyboard in Resources */ = {isa = PBXBuildFile; fileRef = 892F29891EBC4F450060B558 /* LaunchScreen.storyboard */; };
		892F29961EBC4F450060B558 /* TFPictureBroswer_SwiftTests.swift in Sources */ = {isa = PBXBuildFile; fileRef = 892F29951EBC4F450060B558 /* TFPictureBroswer_SwiftTests.swift */; };
		892F29A11EBC4F450060B558 /* TFPictureBroswer_SwiftUITests.swift in Sources */ = {isa = PBXBuildFile; fileRef = 892F29A01EBC4F450060B558 /* TFPictureBroswer_SwiftUITests.swift */; };
		892F29EE1EBC512A0060B558 /* WaterCell.swift in Sources */ = {isa = PBXBuildFile; fileRef = 892F29ED1EBC512A0060B558 /* WaterCell.swift */; };
		892F29F11EBC57030060B558 /* TFPictureBroswerController.swift in Sources */ = {isa = PBXBuildFile; fileRef = 892F29F01EBC57030060B558 /* TFPictureBroswerController.swift */; };
		892F29F31EBC57240060B558 /* TFPictureBroswerCell.swift in Sources */ = {isa = PBXBuildFile; fileRef = 892F29F21EBC57240060B558 /* TFPictureBroswerCell.swift */; };
		892F29F51EBC57460060B558 /* TFProgressView.swift in Sources */ = {isa = PBXBuildFile; fileRef = 892F29F41EBC57460060B558 /* TFProgressView.swift */; };
		892F29F71EBC57800060B558 /* TFPictureBroswerAnimator.swift in Sources */ = {isa = PBXBuildFile; fileRef = 892F29F61EBC57800060B558 /* TFPictureBroswerAnimator.swift */; };
		892F2A281EBC58B20060B558 /* CFNetwork.framework in Frameworks */ = {isa = PBXBuildFile; fileRef = 892F2A271EBC58B20060B558 /* CFNetwork.framework */; };
		89382BEC1EBC69BB00A00260 /* LICENSE in Resources */ = {isa = PBXBuildFile; fileRef = 89382BD41EBC69BA00A00260 /* LICENSE */; };
		89382BED1EBC69BB00A00260 /* README.md in Sources */ = {isa = PBXBuildFile; fileRef = 89382BD51EBC69BA00A00260 /* README.md */; };
		89382BEE1EBC69BB00A00260 /* AnimatedImageView.swift in Sources */ = {isa = PBXBuildFile; fileRef = 89382BD71EBC69BA00A00260 /* AnimatedImageView.swift */; };
		89382BEF1EBC69BB00A00260 /* Box.swift in Sources */ = {isa = PBXBuildFile; fileRef = 89382BD81EBC69BA00A00260 /* Box.swift */; };
		89382BF01EBC69BB00A00260 /* CacheSerializer.swift in Sources */ = {isa = PBXBuildFile; fileRef = 89382BD91EBC69BA00A00260 /* CacheSerializer.swift */; };
		89382BF11EBC69BB00A00260 /* Filter.swift in Sources */ = {isa = PBXBuildFile; fileRef = 89382BDA1EBC69BA00A00260 /* Filter.swift */; };
		89382BF21EBC69BB00A00260 /* Image.swift in Sources */ = {isa = PBXBuildFile; fileRef = 89382BDB1EBC69BA00A00260 /* Image.swift */; };
		89382BF31EBC69BB00A00260 /* ImageCache.swift in Sources */ = {isa = PBXBuildFile; fileRef = 89382BDC1EBC69BA00A00260 /* ImageCache.swift */; };
		89382BF41EBC69BB00A00260 /* ImageDownloader.swift in Sources */ = {isa = PBXBuildFile; fileRef = 89382BDD1EBC69BA00A00260 /* ImageDownloader.swift */; };
		89382BF51EBC69BB00A00260 /* ImagePrefetcher.swift in Sources */ = {isa = PBXBuildFile; fileRef = 89382BDE1EBC69BA00A00260 /* ImagePrefetcher.swift */; };
		89382BF61EBC69BB00A00260 /* ImageProcessor.swift in Sources */ = {isa = PBXBuildFile; fileRef = 89382BDF1EBC69BA00A00260 /* ImageProcessor.swift */; };
		89382BF71EBC69BB00A00260 /* ImageTransition.swift in Sources */ = {isa = PBXBuildFile; fileRef = 89382BE01EBC69BA00A00260 /* ImageTransition.swift */; };
		89382BF81EBC69BB00A00260 /* ImageView+Kingfisher.swift in Sources */ = {isa = PBXBuildFile; fileRef = 89382BE11EBC69BA00A00260 /* ImageView+Kingfisher.swift */; };
		89382BF91EBC69BB00A00260 /* Indicator.swift in Sources */ = {isa = PBXBuildFile; fileRef = 89382BE21EBC69BA00A00260 /* Indicator.swift */; };
		89382BFA1EBC69BB00A00260 /* Kingfisher.swift in Sources */ = {isa = PBXBuildFile; fileRef = 89382BE41EBC69BA00A00260 /* Kingfisher.swift */; };
		89382BFB1EBC69BB00A00260 /* KingfisherManager.swift in Sources */ = {isa = PBXBuildFile; fileRef = 89382BE51EBC69BA00A00260 /* KingfisherManager.swift */; };
		89382BFC1EBC69BB00A00260 /* KingfisherOptionsInfo.swift in Sources */ = {isa = PBXBuildFile; fileRef = 89382BE61EBC69BA00A00260 /* KingfisherOptionsInfo.swift */; };
		89382BFD1EBC69BB00A00260 /* RequestModifier.swift in Sources */ = {isa = PBXBuildFile; fileRef = 89382BE71EBC69BA00A00260 /* RequestModifier.swift */; };
		89382BFE1EBC69BB00A00260 /* Resource.swift in Sources */ = {isa = PBXBuildFile; fileRef = 89382BE81EBC69BA00A00260 /* Resource.swift */; };
		89382BFF1EBC69BB00A00260 /* String+MD5.swift in Sources */ = {isa = PBXBuildFile; fileRef = 89382BE91EBC69BB00A00260 /* String+MD5.swift */; };
		89382C001EBC69BB00A00260 /* ThreadHelper.swift in Sources */ = {isa = PBXBuildFile; fileRef = 89382BEA1EBC69BB00A00260 /* ThreadHelper.swift */; };
		89382C011EBC69BB00A00260 /* UIButton+Kingfisher.swift in Sources */ = {isa = PBXBuildFile; fileRef = 89382BEB1EBC69BB00A00260 /* UIButton+Kingfisher.swift */; };
/* End PBXBuildFile section */

/* Begin PBXContainerItemProxy section */
		892F29921EBC4F450060B558 /* PBXContainerItemProxy */ = {
			isa = PBXContainerItemProxy;
			containerPortal = 892F29751EBC4F440060B558 /* Project object */;
			proxyType = 1;
			remoteGlobalIDString = 892F297C1EBC4F450060B558;
			remoteInfo = TFPictureBroswer_Swift;
		};
		892F299D1EBC4F450060B558 /* PBXContainerItemProxy */ = {
			isa = PBXContainerItemProxy;
			containerPortal = 892F29751EBC4F440060B558 /* Project object */;
			proxyType = 1;
			remoteGlobalIDString = 892F297C1EBC4F450060B558;
			remoteInfo = TFPictureBroswer_Swift;
		};
/* End PBXContainerItemProxy section */

/* Begin PBXFileReference section */
		892F297D1EBC4F450060B558 /* TFPictureBroswer_Swift.app */ = {isa = PBXFileReference; explicitFileType = wrapper.application; includeInIndex = 0; path = TFPictureBroswer_Swift.app; sourceTree = BUILT_PRODUCTS_DIR; };
		892F29801EBC4F450060B558 /* AppDelegate.swift */ = {isa = PBXFileReference; lastKnownFileType = sourcecode.swift; path = AppDelegate.swift; sourceTree = "<group>"; };
		892F29821EBC4F450060B558 /* ViewController.swift */ = {isa = PBXFileReference; lastKnownFileType = sourcecode.swift; path = ViewController.swift; sourceTree = "<group>"; };
		892F29851EBC4F450060B558 /* Base */ = {isa = PBXFileReference; lastKnownFileType = file.storyboard; name = Base; path = Base.lproj/Main.storyboard; sourceTree = "<group>"; };
		892F29871EBC4F450060B558 /* Assets.xcassets */ = {isa = PBXFileReference; lastKnownFileType = folder.assetcatalog; path = Assets.xcassets; sourceTree = "<group>"; };
		892F298A1EBC4F450060B558 /* Base */ = {isa = PBXFileReference; lastKnownFileType = file.storyboard; name = Base; path = Base.lproj/LaunchScreen.storyboard; sourceTree = "<group>"; };
		892F298C1EBC4F450060B558 /* Info.plist */ = {isa = PBXFileReference; lastKnownFileType = text.plist.xml; path = Info.plist; sourceTree = "<group>"; };
		892F29911EBC4F450060B558 /* TFPictureBroswer_SwiftTests.xctest */ = {isa = PBXFileReference; explicitFileType = wrapper.cfbundle; includeInIndex = 0; path = TFPictureBroswer_SwiftTests.xctest; sourceTree = BUILT_PRODUCTS_DIR; };
		892F29951EBC4F450060B558 /* TFPictureBroswer_SwiftTests.swift */ = {isa = PBXFileReference; lastKnownFileType = sourcecode.swift; path = TFPictureBroswer_SwiftTests.swift; sourceTree = "<group>"; };
		892F29971EBC4F450060B558 /* Info.plist */ = {isa = PBXFileReference; lastKnownFileType = text.plist.xml; path = Info.plist; sourceTree = "<group>"; };
		892F299C1EBC4F450060B558 /* TFPictureBroswer_SwiftUITests.xctest */ = {isa = PBXFileReference; explicitFileType = wrapper.cfbundle; includeInIndex = 0; path = TFPictureBroswer_SwiftUITests.xctest; sourceTree = BUILT_PRODUCTS_DIR; };
		892F29A01EBC4F450060B558 /* TFPictureBroswer_SwiftUITests.swift */ = {isa = PBXFileReference; lastKnownFileType = sourcecode.swift; path = TFPictureBroswer_SwiftUITests.swift; sourceTree = "<group>"; };
		892F29A21EBC4F450060B558 /* Info.plist */ = {isa = PBXFileReference; lastKnownFileType = text.plist.xml; path = Info.plist; sourceTree = "<group>"; };
		892F29ED1EBC512A0060B558 /* WaterCell.swift */ = {isa = PBXFileReference; fileEncoding = 4; lastKnownFileType = sourcecode.swift; path = WaterCell.swift; sourceTree = "<group>"; };
		892F29F01EBC57030060B558 /* TFPictureBroswerController.swift */ = {isa = PBXFileReference; fileEncoding = 4; lastKnownFileType = sourcecode.swift; path = TFPictureBroswerController.swift; sourceTree = "<group>"; };
		892F29F21EBC57240060B558 /* TFPictureBroswerCell.swift */ = {isa = PBXFileReference; fileEncoding = 4; lastKnownFileType = sourcecode.swift; path = TFPictureBroswerCell.swift; sourceTree = "<group>"; };
		892F29F41EBC57460060B558 /* TFProgressView.swift */ = {isa = PBXFileReference; fileEncoding = 4; lastKnownFileType = sourcecode.swift; path = TFProgressView.swift; sourceTree = "<group>"; };
		892F29F61EBC57800060B558 /* TFPictureBroswerAnimator.swift */ = {isa = PBXFileReference; fileEncoding = 4; lastKnownFileType = sourcecode.swift; path = TFPictureBroswerAnimator.swift; sourceTree = "<group>"; };
		892F2A271EBC58B20060B558 /* CFNetwork.framework */ = {isa = PBXFileReference; lastKnownFileType = wrapper.framework; name = CFNetwork.framework; path = System/Library/Frameworks/CFNetwork.framework; sourceTree = SDKROOT; };
		89382BD41EBC69BA00A00260 /* LICENSE */ = {isa = PBXFileReference; fileEncoding = 4; lastKnownFileType = text; path = LICENSE; sourceTree = "<group>"; };
		89382BD51EBC69BA00A00260 /* README.md */ = {isa = PBXFileReference; fileEncoding = 4; lastKnownFileType = net.daringfireball.markdown; path = README.md; sourceTree = "<group>"; };
		89382BD71EBC69BA00A00260 /* AnimatedImageView.swift */ = {isa = PBXFileReference; fileEncoding = 4; lastKnownFileType = sourcecode.swift; path = AnimatedImageView.swift; sourceTree = "<group>"; };
		89382BD81EBC69BA00A00260 /* Box.swift */ = {isa = PBXFileReference; fileEncoding = 4; lastKnownFileType = sourcecode.swift; path = Box.swift; sourceTree = "<group>"; };
		89382BD91EBC69BA00A00260 /* CacheSerializer.swift */ = {isa = PBXFileReference; fileEncoding = 4; lastKnownFileType = sourcecode.swift; path = CacheSerializer.swift; sourceTree = "<group>"; };
		89382BDA1EBC69BA00A00260 /* Filter.swift */ = {isa = PBXFileReference; fileEncoding = 4; lastKnownFileType = sourcecode.swift; path = Filter.swift; sourceTree = "<group>"; };
		89382BDB1EBC69BA00A00260 /* Image.swift */ = {isa = PBXFileReference; fileEncoding = 4; lastKnownFileType = sourcecode.swift; path = Image.swift; sourceTree = "<group>"; };
		89382BDC1EBC69BA00A00260 /* ImageCache.swift */ = {isa = PBXFileReference; fileEncoding = 4; lastKnownFileType = sourcecode.swift; path = ImageCache.swift; sourceTree = "<group>"; };
		89382BDD1EBC69BA00A00260 /* ImageDownloader.swift */ = {isa = PBXFileReference; fileEncoding = 4; lastKnownFileType = sourcecode.swift; path = ImageDownloader.swift; sourceTree = "<group>"; };
		89382BDE1EBC69BA00A00260 /* ImagePrefetcher.swift */ = {isa = PBXFileReference; fileEncoding = 4; lastKnownFileType = sourcecode.swift; path = ImagePrefetcher.swift; sourceTree = "<group>"; };
		89382BDF1EBC69BA00A00260 /* ImageProcessor.swift */ = {isa = PBXFileReference; fileEncoding = 4; lastKnownFileType = sourcecode.swift; path = ImageProcessor.swift; sourceTree = "<group>"; };
		89382BE01EBC69BA00A00260 /* ImageTransition.swift */ = {isa = PBXFileReference; fileEncoding = 4; lastKnownFileType = sourcecode.swift; path = ImageTransition.swift; sourceTree = "<group>"; };
		89382BE11EBC69BA00A00260 /* ImageView+Kingfisher.swift */ = {isa = PBXFileReference; fileEncoding = 4; lastKnownFileType = sourcecode.swift; path = "ImageView+Kingfisher.swift"; sourceTree = "<group>"; };
		89382BE21EBC69BA00A00260 /* Indicator.swift */ = {isa = PBXFileReference; fileEncoding = 4; lastKnownFileType = sourcecode.swift; path = Indicator.swift; sourceTree = "<group>"; };
		89382BE31EBC69BA00A00260 /* Kingfisher.h */ = {isa = PBXFileReference; fileEncoding = 4; lastKnownFileType = sourcecode.c.h; path = Kingfisher.h; sourceTree = "<group>"; };
		89382BE41EBC69BA00A00260 /* Kingfisher.swift */ = {isa = PBXFileReference; fileEncoding = 4; lastKnownFileType = sourcecode.swift; path = Kingfisher.swift; sourceTree = "<group>"; };
		89382BE51EBC69BA00A00260 /* KingfisherManager.swift */ = {isa = PBXFileReference; fileEncoding = 4; lastKnownFileType = sourcecode.swift; path = KingfisherManager.swift; sourceTree = "<group>"; };
		89382BE61EBC69BA00A00260 /* KingfisherOptionsInfo.swift */ = {isa = PBXFileReference; fileEncoding = 4; lastKnownFileType = sourcecode.swift; path = KingfisherOptionsInfo.swift; sourceTree = "<group>"; };
		89382BE71EBC69BA00A00260 /* RequestModifier.swift */ = {isa = PBXFileReference; fileEncoding = 4; lastKnownFileType = sourcecode.swift; path = RequestModifier.swift; sourceTree = "<group>"; };
		89382BE81EBC69BA00A00260 /* Resource.swift */ = {isa = PBXFileReference; fileEncoding = 4; lastKnownFileType = sourcecode.swift; path = Resource.swift; sourceTree = "<group>"; };
		89382BE91EBC69BB00A00260 /* String+MD5.swift */ = {isa = PBXFileReference; fileEncoding = 4; lastKnownFileType = sourcecode.swift; path = "String+MD5.swift"; sourceTree = "<group>"; };
		89382BEA1EBC69BB00A00260 /* ThreadHelper.swift */ = {isa = PBXFileReference; fileEncoding = 4; lastKnownFileType = sourcecode.swift; path = ThreadHelper.swift; sourceTree = "<group>"; };
		89382BEB1EBC69BB00A00260 /* UIButton+Kingfisher.swift */ = {isa = PBXFileReference; fileEncoding = 4; lastKnownFileType = sourcecode.swift; path = "UIButton+Kingfisher.swift"; sourceTree = "<group>"; };
/* End PBXFileReference section */

/* Begin PBXFrameworksBuildPhase section */
		892F297A1EBC4F450060B558 /* Frameworks */ = {
			isa = PBXFrameworksBuildPhase;
			buildActionMask = 2147483647;
			files = (
				892F2A281EBC58B20060B558 /* CFNetwork.framework in Frameworks */,
			);
			runOnlyForDeploymentPostprocessing = 0;
		};
		892F298E1EBC4F450060B558 /* Frameworks */ = {
			isa = PBXFrameworksBuildPhase;
			buildActionMask = 2147483647;
			files = (
			);
			runOnlyForDeploymentPostprocessing = 0;
		};
		892F29991EBC4F450060B558 /* Frameworks */ = {
			isa = PBXFrameworksBuildPhase;
			buildActionMask = 2147483647;
			files = (
			);
			runOnlyForDeploymentPostprocessing = 0;
		};
/* End PBXFrameworksBuildPhase section */

/* Begin PBXGroup section */
		892F29741EBC4F440060B558 = {
			isa = PBXGroup;
			children = (
				892F297F1EBC4F450060B558 /* TFPictureBroswer_Swift */,
				892F29941EBC4F450060B558 /* TFPictureBroswer_SwiftTests */,
				892F299F1EBC4F450060B558 /* TFPictureBroswer_SwiftUITests */,
				892F297E1EBC4F450060B558 /* Products */,
				892F2A261EBC58B20060B558 /* Frameworks */,
			);
			sourceTree = "<group>";
		};
		892F297E1EBC4F450060B558 /* Products */ = {
			isa = PBXGroup;
			children = (
				892F297D1EBC4F450060B558 /* TFPictureBroswer_Swift.app */,
				892F29911EBC4F450060B558 /* TFPictureBroswer_SwiftTests.xctest */,
				892F299C1EBC4F450060B558 /* TFPictureBroswer_SwiftUITests.xctest */,
			);
			name = Products;
			sourceTree = "<group>";
		};
		892F297F1EBC4F450060B558 /* TFPictureBroswer_Swift */ = {
			isa = PBXGroup;
			children = (
				89382BD31EBC69BA00A00260 /* Kingfisher */,
				892F29EF1EBC56DE0060B558 /* TFPictureBroswer */,
				892F29801EBC4F450060B558 /* AppDelegate.swift */,
				892F29821EBC4F450060B558 /* ViewController.swift */,
				892F29ED1EBC512A0060B558 /* WaterCell.swift */,
				892F29841EBC4F450060B558 /* Main.storyboard */,
				892F29871EBC4F450060B558 /* Assets.xcassets */,
				892F29891EBC4F450060B558 /* LaunchScreen.storyboard */,
				892F298C1EBC4F450060B558 /* Info.plist */,
			);
			path = TFPictureBroswer_Swift;
			sourceTree = "<group>";
		};
		892F29941EBC4F450060B558 /* TFPictureBroswer_SwiftTests */ = {
			isa = PBXGroup;
			children = (
				892F29951EBC4F450060B558 /* TFPictureBroswer_SwiftTests.swift */,
				892F29971EBC4F450060B558 /* Info.plist */,
			);
			path = TFPictureBroswer_SwiftTests;
			sourceTree = "<group>";
		};
		892F299F1EBC4F450060B558 /* TFPictureBroswer_SwiftUITests */ = {
			isa = PBXGroup;
			children = (
				892F29A01EBC4F450060B558 /* TFPictureBroswer_SwiftUITests.swift */,
				892F29A21EBC4F450060B558 /* Info.plist */,
			);
			path = TFPictureBroswer_SwiftUITests;
			sourceTree = "<group>";
		};
		892F29EF1EBC56DE0060B558 /* TFPictureBroswer */ = {
			isa = PBXGroup;
			children = (
				892F29F01EBC57030060B558 /* TFPictureBroswerController.swift */,
				892F29F21EBC57240060B558 /* TFPictureBroswerCell.swift */,
				892F29F41EBC57460060B558 /* TFProgressView.swift */,
				892F29F61EBC57800060B558 /* TFPictureBroswerAnimator.swift */,
			);
			path = TFPictureBroswer;
			sourceTree = "<group>";
		};
		892F2A261EBC58B20060B558 /* Frameworks */ = {
			isa = PBXGroup;
			children = (
				892F2A271EBC58B20060B558 /* CFNetwork.framework */,
			);
			name = Frameworks;
			sourceTree = "<group>";
		};
		89382BD31EBC69BA00A00260 /* Kingfisher */ = {
			isa = PBXGroup;
			children = (
				89382BD41EBC69BA00A00260 /* LICENSE */,
				89382BD51EBC69BA00A00260 /* README.md */,
				89382BD61EBC69BA00A00260 /* Sources */,
			);
			path = Kingfisher;
			sourceTree = "<group>";
		};
		89382BD61EBC69BA00A00260 /* Sources */ = {
			isa = PBXGroup;
			children = (
				89382BD71EBC69BA00A00260 /* AnimatedImageView.swift */,
				89382BD81EBC69BA00A00260 /* Box.swift */,
				89382BD91EBC69BA00A00260 /* CacheSerializer.swift */,
				89382BDA1EBC69BA00A00260 /* Filter.swift */,
				89382BDB1EBC69BA00A00260 /* Image.swift */,
				89382BDC1EBC69BA00A00260 /* ImageCache.swift */,
				89382BDD1EBC69BA00A00260 /* ImageDownloader.swift */,
				89382BDE1EBC69BA00A00260 /* ImagePrefetcher.swift */,
				89382BDF1EBC69BA00A00260 /* ImageProcessor.swift */,
				89382BE01EBC69BA00A00260 /* ImageTransition.swift */,
				89382BE11EBC69BA00A00260 /* ImageView+Kingfisher.swift */,
				89382BE21EBC69BA00A00260 /* Indicator.swift */,
				89382BE31EBC69BA00A00260 /* Kingfisher.h */,
				89382BE41EBC69BA00A00260 /* Kingfisher.swift */,
				89382BE51EBC69BA00A00260 /* KingfisherManager.swift */,
				89382BE61EBC69BA00A00260 /* KingfisherOptionsInfo.swift */,
				89382BE71EBC69BA00A00260 /* RequestModifier.swift */,
				89382BE81EBC69BA00A00260 /* Resource.swift */,
				89382BE91EBC69BB00A00260 /* String+MD5.swift */,
				89382BEA1EBC69BB00A00260 /* ThreadHelper.swift */,
				89382BEB1EBC69BB00A00260 /* UIButton+Kingfisher.swift */,
			);
			path = Sources;
			sourceTree = "<group>";
		};
/* End PBXGroup section */

/* Begin PBXNativeTarget section */
		892F297C1EBC4F450060B558 /* TFPictureBroswer_Swift */ = {
			isa = PBXNativeTarget;
			buildConfigurationList = 892F29A51EBC4F450060B558 /* Build configuration list for PBXNativeTarget "TFPictureBroswer_Swift" */;
			buildPhases = (
				892F29791EBC4F450060B558 /* Sources */,
				892F297A1EBC4F450060B558 /* Frameworks */,
				892F297B1EBC4F450060B558 /* Resources */,
			);
			buildRules = (
			);
			dependencies = (
			);
			name = TFPictureBroswer_Swift;
			productName = TFPictureBroswer_Swift;
			productReference = 892F297D1EBC4F450060B558 /* TFPictureBroswer_Swift.app */;
			productType = "com.apple.product-type.application";
		};
		892F29901EBC4F450060B558 /* TFPictureBroswer_SwiftTests */ = {
			isa = PBXNativeTarget;
			buildConfigurationList = 892F29A81EBC4F450060B558 /* Build configuration list for PBXNativeTarget "TFPictureBroswer_SwiftTests" */;
			buildPhases = (
				892F298D1EBC4F450060B558 /* Sources */,
				892F298E1EBC4F450060B558 /* Frameworks */,
				892F298F1EBC4F450060B558 /* Resources */,
			);
			buildRules = (
			);
			dependencies = (
				892F29931EBC4F450060B558 /* PBXTargetDependency */,
			);
			name = TFPictureBroswer_SwiftTests;
			productName = TFPictureBroswer_SwiftTests;
			productReference = 892F29911EBC4F450060B558 /* TFPictureBroswer_SwiftTests.xctest */;
			productType = "com.apple.product-type.bundle.unit-test";
		};
		892F299B1EBC4F450060B558 /* TFPictureBroswer_SwiftUITests */ = {
			isa = PBXNativeTarget;
			buildConfigurationList = 892F29AB1EBC4F450060B558 /* Build configuration list for PBXNativeTarget "TFPictureBroswer_SwiftUITests" */;
			buildPhases = (
				892F29981EBC4F450060B558 /* Sources */,
				892F29991EBC4F450060B558 /* Frameworks */,
				892F299A1EBC4F450060B558 /* Resources */,
			);
			buildRules = (
			);
			dependencies = (
				892F299E1EBC4F450060B558 /* PBXTargetDependency */,
			);
			name = TFPictureBroswer_SwiftUITests;
			productName = TFPictureBroswer_SwiftUITests;
			productReference = 892F299C1EBC4F450060B558 /* TFPictureBroswer_SwiftUITests.xctest */;
			productType = "com.apple.product-type.bundle.ui-testing";
		};
/* End PBXNativeTarget section */

/* Begin PBXProject section */
		892F29751EBC4F440060B558 /* Project object */ = {
			isa = PBXProject;
			attributes = {
				LastSwiftUpdateCheck = 0830;
				LastUpgradeCheck = 0830;
				ORGANIZATIONNAME = ftf;
				TargetAttributes = {
					892F297C1EBC4F450060B558 = {
						CreatedOnToolsVersion = 8.3;
						ProvisioningStyle = Automatic;
					};
					892F29901EBC4F450060B558 = {
						CreatedOnToolsVersion = 8.3;
						ProvisioningStyle = Automatic;
						TestTargetID = 892F297C1EBC4F450060B558;
					};
					892F299B1EBC4F450060B558 = {
						CreatedOnToolsVersion = 8.3;
						ProvisioningStyle = Automatic;
						TestTargetID = 892F297C1EBC4F450060B558;
					};
				};
			};
			buildConfigurationList = 892F29781EBC4F450060B558 /* Build configuration list for PBXProject "TFPictureBroswer_Swift" */;
			compatibilityVersion = "Xcode 3.2";
			developmentRegion = English;
			hasScannedForEncodings = 0;
			knownRegions = (
				en,
				Base,
			);
			mainGroup = 892F29741EBC4F440060B558;
			productRefGroup = 892F297E1EBC4F450060B558 /* Products */;
			projectDirPath = "";
			projectRoot = "";
			targets = (
				892F297C1EBC4F450060B558 /* TFPictureBroswer_Swift */,
				892F29901EBC4F450060B558 /* TFPictureBroswer_SwiftTests */,
				892F299B1EBC4F450060B558 /* TFPictureBroswer_SwiftUITests */,
			);
		};
/* End PBXProject section */

/* Begin PBXResourcesBuildPhase section */
		892F297B1EBC4F450060B558 /* Resources */ = {
			isa = PBXResourcesBuildPhase;
			buildActionMask = 2147483647;
			files = (
				892F298B1EBC4F450060B558 /* LaunchScreen.storyboard in Resources */,
				892F29881EBC4F450060B558 /* Assets.xcassets in Resources */,
				89382BEC1EBC69BB00A00260 /* LICENSE in Resources */,
				892F29861EBC4F450060B558 /* Main.storyboard in Resources */,
			);
			runOnlyForDeploymentPostprocessing = 0;
		};
		892F298F1EBC4F450060B558 /* Resources */ = {
			isa = PBXResourcesBuildPhase;
			buildActionMask = 2147483647;
			files = (
			);
			runOnlyForDeploymentPostprocessing = 0;
		};
		892F299A1EBC4F450060B558 /* Resources */ = {
			isa = PBXResourcesBuildPhase;
			buildActionMask = 2147483647;
			files = (
			);
			runOnlyForDeploymentPostprocessing = 0;
		};
/* End PBXResourcesBuildPhase section */

/* Begin PBXSourcesBuildPhase section */
		892F29791EBC4F450060B558 /* Sources */ = {
			isa = PBXSourcesBuildPhase;
			buildActionMask = 2147483647;
			files = (
				89382BFD1EBC69BB00A00260 /* RequestModifier.swift in Sources */,
				89382BF81EBC69BB00A00260 /* ImageView+Kingfisher.swift in Sources */,
				892F29831EBC4F450060B558 /* ViewController.swift in Sources */,
				89382BF41EBC69BB00A00260 /* ImageDownloader.swift in Sources */,
				89382BF91EBC69BB00A00260 /* Indicator.swift in Sources */,
				89382BF11EBC69BB00A00260 /* Filter.swift in Sources */,
				89382BFB1EBC69BB00A00260 /* KingfisherManager.swift in Sources */,
				892F29F51EBC57460060B558 /* TFProgressView.swift in Sources */,
				89382BEE1EBC69BB00A00260 /* AnimatedImageView.swift in Sources */,
				892F29811EBC4F450060B558 /* AppDelegate.swift in Sources */,
				892F29F31EBC57240060B558 /* TFPictureBroswerCell.swift in Sources */,
				89382C001EBC69BB00A00260 /* ThreadHelper.swift in Sources */,
				89382BFA1EBC69BB00A00260 /* Kingfisher.swift in Sources */,
				89382BFC1EBC69BB00A00260 /* KingfisherOptionsInfo.swift in Sources */,
				89382BFF1EBC69BB00A00260 /* String+MD5.swift in Sources */,
				89382BF21EBC69BB00A00260 /* Image.swift in Sources */,
				892F29F11EBC57030060B558 /* TFPictureBroswerController.swift in Sources */,
				892F29EE1EBC512A0060B558 /* WaterCell.swift in Sources */,
				89382BF71EBC69BB00A00260 /* ImageTransition.swift in Sources */,
				89382BED1EBC69BB00A00260 /* README.md in Sources */,
				89382BFE1EBC69BB00A00260 /* Resource.swift in Sources */,
				89382BF51EBC69BB00A00260 /* ImagePrefetcher.swift in Sources */,
				89382BF01EBC69BB00A00260 /* CacheSerializer.swift in Sources */,
				89382C011EBC69BB00A00260 /* UIButton+Kingfisher.swift in Sources */,
				89382BF61EBC69BB00A00260 /* ImageProcessor.swift in Sources */,
				892F29F71EBC57800060B558 /* TFPictureBroswerAnimator.swift in Sources */,
				89382BF31EBC69BB00A00260 /* ImageCache.swift in Sources */,
				89382BEF1EBC69BB00A00260 /* Box.swift in Sources */,
			);
			runOnlyForDeploymentPostprocessing = 0;
		};
		892F298D1EBC4F450060B558 /* Sources */ = {
			isa = PBXSourcesBuildPhase;
			buildActionMask = 2147483647;
			files = (
				892F29961EBC4F450060B558 /* TFPictureBroswer_SwiftTests.swift in Sources */,
			);
			runOnlyForDeploymentPostprocessing = 0;
		};
		892F29981EBC4F450060B558 /* Sources */ = {
			isa = PBXSourcesBuildPhase;
			buildActionMask = 2147483647;
			files = (
				892F29A11EBC4F450060B558 /* TFPictureBroswer_SwiftUITests.swift in Sources */,
			);
			runOnlyForDeploymentPostprocessing = 0;
		};
/* End PBXSourcesBuildPhase section */

/* Begin PBXTargetDependency section */
		892F29931EBC4F450060B558 /* PBXTargetDependency */ = {
			isa = PBXTargetDependency;
			target = 892F297C1EBC4F450060B558 /* TFPictureBroswer_Swift */;
			targetProxy = 892F29921EBC4F450060B558 /* PBXContainerItemProxy */;
		};
		892F299E1EBC4F450060B558 /* PBXTargetDependency */ = {
			isa = PBXTargetDependency;
			target = 892F297C1EBC4F450060B558 /* TFPictureBroswer_Swift */;
			targetProxy = 892F299D1EBC4F450060B558 /* PBXContainerItemProxy */;
		};
/* End PBXTargetDependency section */

/* Begin PBXVariantGroup section */
		892F29841EBC4F450060B558 /* Main.storyboard */ = {
			isa = PBXVariantGroup;
			children = (
				892F29851EBC4F450060B558 /* Base */,
			);
			name = Main.storyboard;
			sourceTree = "<group>";
		};
		892F29891EBC4F450060B558 /* LaunchScreen.storyboard */ = {
			isa = PBXVariantGroup;
			children = (
				892F298A1EBC4F450060B558 /* Base */,
			);
			name = LaunchScreen.storyboard;
			sourceTree = "<group>";
		};
/* End PBXVariantGroup section */

/* Begin XCBuildConfiguration section */
		892F29A31EBC4F450060B558 /* Debug */ = {
			isa = XCBuildConfiguration;
			buildSettings = {
				ALWAYS_SEARCH_USER_PATHS = NO;
				CLANG_ANALYZER_NONNULL = YES;
				CLANG_ANALYZER_NUMBER_OBJECT_CONVERSION = YES_AGGRESSIVE;
				CLANG_CXX_LANGUAGE_STANDARD = "gnu++0x";
				CLANG_CXX_LIBRARY = "libc++";
				CLANG_ENABLE_MODULES = YES;
				CLANG_ENABLE_OBJC_ARC = YES;
				CLANG_WARN_BOOL_CONVERSION = YES;
				CLANG_WARN_CONSTANT_CONVERSION = YES;
				CLANG_WARN_DIRECT_OBJC_ISA_USAGE = YES_ERROR;
				CLANG_WARN_DOCUMENTATION_COMMENTS = YES;
				CLANG_WARN_EMPTY_BODY = YES;
				CLANG_WARN_ENUM_CONVERSION = YES;
				CLANG_WARN_INFINITE_RECURSION = YES;
				CLANG_WARN_INT_CONVERSION = YES;
				CLANG_WARN_OBJC_ROOT_CLASS = YES_ERROR;
				CLANG_WARN_SUSPICIOUS_MOVE = YES;
				CLANG_WARN_UNREACHABLE_CODE = YES;
				CLANG_WARN__DUPLICATE_METHOD_MATCH = YES;
				"CODE_SIGN_IDENTITY[sdk=iphoneos*]" = "iPhone Developer";
				COPY_PHASE_STRIP = NO;
				DEBUG_INFORMATION_FORMAT = dwarf;
				ENABLE_STRICT_OBJC_MSGSEND = YES;
				ENABLE_TESTABILITY = YES;
				GCC_C_LANGUAGE_STANDARD = gnu99;
				GCC_DYNAMIC_NO_PIC = NO;
				GCC_NO_COMMON_BLOCKS = YES;
				GCC_OPTIMIZATION_LEVEL = 0;
				GCC_PREPROCESSOR_DEFINITIONS = (
					"DEBUG=1",
					"$(inherited)",
				);
				GCC_WARN_64_TO_32_BIT_CONVERSION = YES;
				GCC_WARN_ABOUT_RETURN_TYPE = YES_ERROR;
				GCC_WARN_UNDECLARED_SELECTOR = YES;
				GCC_WARN_UNINITIALIZED_AUTOS = YES_AGGRESSIVE;
				GCC_WARN_UNUSED_FUNCTION = YES;
				GCC_WARN_UNUSED_VARIABLE = YES;
				IPHONEOS_DEPLOYMENT_TARGET = 10.3;
				MTL_ENABLE_DEBUG_INFO = YES;
				ONLY_ACTIVE_ARCH = YES;
				SDKROOT = iphoneos;
				SWIFT_ACTIVE_COMPILATION_CONDITIONS = DEBUG;
				SWIFT_OPTIMIZATION_LEVEL = "-Onone";
				TARGETED_DEVICE_FAMILY = "1,2";
			};
			name = Debug;
		};
		892F29A41EBC4F450060B558 /* Release */ = {
			isa = XCBuildConfiguration;
			buildSettings = {
				ALWAYS_SEARCH_USER_PATHS = NO;
				CLANG_ANALYZER_NONNULL = YES;
				CLANG_ANALYZER_NUMBER_OBJECT_CONVERSION = YES_AGGRESSIVE;
				CLANG_CXX_LANGUAGE_STANDARD = "gnu++0x";
				CLANG_CXX_LIBRARY = "libc++";
				CLANG_ENABLE_MODULES = YES;
				CLANG_ENABLE_OBJC_ARC = YES;
				CLANG_WARN_BOOL_CONVERSION = YES;
				CLANG_WARN_CONSTANT_CONVERSION = YES;
				CLANG_WARN_DIRECT_OBJC_ISA_USAGE = YES_ERROR;
				CLANG_WARN_DOCUMENTATION_COMMENTS = YES;
				CLANG_WARN_EMPTY_BODY = YES;
				CLANG_WARN_ENUM_CONVERSION = YES;
				CLANG_WARN_INFINITE_RECURSION = YES;
				CLANG_WARN_INT_CONVERSION = YES;
				CLANG_WARN_OBJC_ROOT_CLASS = YES_ERROR;
				CLANG_WARN_SUSPICIOUS_MOVE = YES;
				CLANG_WARN_UNREACHABLE_CODE = YES;
				CLANG_WARN__DUPLICATE_METHOD_MATCH = YES;
				"CODE_SIGN_IDENTITY[sdk=iphoneos*]" = "iPhone Developer";
				COPY_PHASE_STRIP = NO;
				DEBUG_INFORMATION_FORMAT = "dwarf-with-dsym";
				ENABLE_NS_ASSERTIONS = NO;
				ENABLE_STRICT_OBJC_MSGSEND = YES;
				GCC_C_LANGUAGE_STANDARD = gnu99;
				GCC_NO_COMMON_BLOCKS = YES;
				GCC_WARN_64_TO_32_BIT_CONVERSION = YES;
				GCC_WARN_ABOUT_RETURN_TYPE = YES_ERROR;
				GCC_WARN_UNDECLARED_SELECTOR = YES;
				GCC_WARN_UNINITIALIZED_AUTOS = YES_AGGRESSIVE;
				GCC_WARN_UNUSED_FUNCTION = YES;
				GCC_WARN_UNUSED_VARIABLE = YES;
				IPHONEOS_DEPLOYMENT_TARGET = 10.3;
				MTL_ENABLE_DEBUG_INFO = NO;
				SDKROOT = iphoneos;
				SWIFT_OPTIMIZATION_LEVEL = "-Owholemodule";
				TARGETED_DEVICE_FAMILY = "1,2";
				VALIDATE_PRODUCT = YES;
			};
			name = Release;
		};
		892F29A61EBC4F450060B558 /* Debug */ = {
			isa = XCBuildConfiguration;
			buildSettings = {
				ASSETCATALOG_COMPILER_APPICON_NAME = AppIcon;
				FRAMEWORK_SEARCH_PATHS = (
					"$(inherited)",
					"$(PROJECT_DIR)/TFPictureBroswer_Swift/Kingfisher",
				);
				INFOPLIST_FILE = TFPictureBroswer_Swift/Info.plist;
				LD_RUNPATH_SEARCH_PATHS = "$(inherited) @executable_path/Frameworks";
				LIBRARY_SEARCH_PATHS = (
					"$(inherited)",
					"$(PROJECT_DIR)/TFPictureBroswer_Swift/Kingfisher",
				);
				PRODUCT_BUNDLE_IDENTIFIER = "com.ftf.broswer.TFPictureBroswer-Swift";
				PRODUCT_NAME = "$(TARGET_NAME)";
				SWIFT_VERSION = 3.0;
			};
			name = Debug;
		};
		892F29A71EBC4F450060B558 /* Release */ = {
			isa = XCBuildConfiguration;
			buildSettings = {
				ASSETCATALOG_COMPILER_APPICON_NAME = AppIcon;
				FRAMEWORK_SEARCH_PATHS = (
					"$(inherited)",
					"$(PROJECT_DIR)/TFPictureBroswer_Swift/Kingfisher",
				);
				INFOPLIST_FILE = TFPictureBroswer_Swift/Info.plist;
				LD_RUNPATH_SEARCH_PATHS = "$(inherited) @executable_path/Frameworks";
				LIBRARY_SEARCH_PATHS = (
					"$(inherited)",
					"$(PROJECT_DIR)/TFPictureBroswer_Swift/Kingfisher",
				);
				PRODUCT_BUNDLE_IDENTIFIER = "com.ftf.broswer.TFPictureBroswer-Swift";
				PRODUCT_NAME = "$(TARGET_NAME)";
				SWIFT_VERSION = 3.0;
			};
			name = Release;
		};
		892F29A91EBC4F450060B558 /* Debug */ = {
			isa = XCBuildConfiguration;
			buildSettings = {
				ALWAYS_EMBED_SWIFT_STANDARD_LIBRARIES = YES;
				BUNDLE_LOADER = "$(TEST_HOST)";
				INFOPLIST_FILE = TFPictureBroswer_SwiftTests/Info.plist;
				LD_RUNPATH_SEARCH_PATHS = "$(inherited) @executable_path/Frameworks @loader_path/Frameworks";
				PRODUCT_BUNDLE_IDENTIFIER = "com.ftf.broswer.TFPictureBroswer-SwiftTests";
				PRODUCT_NAME = "$(TARGET_NAME)";
				SWIFT_VERSION = 3.0;
				TEST_HOST = "$(BUILT_PRODUCTS_DIR)/TFPictureBroswer_Swift.app/TFPictureBroswer_Swift";
			};
			name = Debug;
		};
		892F29AA1EBC4F450060B558 /* Release */ = {
			isa = XCBuildConfiguration;
			buildSettings = {
				ALWAYS_EMBED_SWIFT_STANDARD_LIBRARIES = YES;
				BUNDLE_LOADER = "$(TEST_HOST)";
				INFOPLIST_FILE = TFPictureBroswer_SwiftTests/Info.plist;
				LD_RUNPATH_SEARCH_PATHS = "$(inherited) @executable_path/Frameworks @loader_path/Frameworks";
				PRODUCT_BUNDLE_IDENTIFIER = "com.ftf.broswer.TFPictureBroswer-SwiftTests";
				PRODUCT_NAME = "$(TARGET_NAME)";
				SWIFT_VERSION = 3.0;
				TEST_HOST = "$(BUILT_PRODUCTS_DIR)/TFPictureBroswer_Swift.app/TFPictureBroswer_Swift";
			};
			name = Release;
		};
		892F29AC1EBC4F450060B558 /* Debug */ = {
			isa = XCBuildConfiguration;
			buildSettings = {
				ALWAYS_EMBED_SWIFT_STANDARD_LIBRARIES = YES;
				INFOPLIST_FILE = TFPictureBroswer_SwiftUITests/Info.plist;
				LD_RUNPATH_SEARCH_PATHS = "$(inherited) @executable_path/Frameworks @loader_path/Frameworks";
				PRODUCT_BUNDLE_IDENTIFIER = "com.ftf.broswer.TFPictureBroswer-SwiftUITests";
				PRODUCT_NAME = "$(TARGET_NAME)";
				SWIFT_VERSION = 3.0;
				TEST_TARGET_NAME = TFPictureBroswer_Swift;
			};
			name = Debug;
		};
		892F29AD1EBC4F450060B558 /* Release */ = {
			isa = XCBuildConfiguration;
			buildSettings = {
				ALWAYS_EMBED_SWIFT_STANDARD_LIBRARIES = YES;
				INFOPLIST_FILE = TFPictureBroswer_SwiftUITests/Info.plist;
				LD_RUNPATH_SEARCH_PATHS = "$(inherited) @executable_path/Frameworks @loader_path/Frameworks";
				PRODUCT_BUNDLE_IDENTIFIER = "com.ftf.broswer.TFPictureBroswer-SwiftUITests";
				PRODUCT_NAME = "$(TARGET_NAME)";
				SWIFT_VERSION = 3.0;
				TEST_TARGET_NAME = TFPictureBroswer_Swift;
			};
			name = Release;
		};
/* End XCBuildConfiguration section */

/* Begin XCConfigurationList section */
		892F29781EBC4F450060B558 /* Build configuration list for PBXProject "TFPictureBroswer_Swift" */ = {
			isa = XCConfigurationList;
			buildConfigurations = (
				892F29A31EBC4F450060B558 /* Debug */,
				892F29A41EBC4F450060B558 /* Release */,
			);
			defaultConfigurationIsVisible = 0;
			defaultConfigurationName = Release;
		};
		892F29A51EBC4F450060B558 /* Build configuration list for PBXNativeTarget "TFPictureBroswer_Swift" */ = {
			isa = XCConfigurationList;
			buildConfigurations = (
				892F29A61EBC4F450060B558 /* Debug */,
				892F29A71EBC4F450060B558 /* Release */,
			);
			defaultConfigurationIsVisible = 0;
			defaultConfigurationName = Release;
		};
		892F29A81EBC4F450060B558 /* Build configuration list for PBXNativeTarget "TFPictureBroswer_SwiftTests" */ = {
			isa = XCConfigurationList;
			buildConfigurations = (
				892F29A91EBC4F450060B558 /* Debug */,
				892F29AA1EBC4F450060B558 /* Release */,
			);
			defaultConfigurationIsVisible = 0;
			defaultConfigurationName = Release;
		};
		892F29AB1EBC4F450060B558 /* Build configuration list for PBXNativeTarget "TFPictureBroswer_SwiftUITests" */ = {
			isa = XCConfigurationList;
			buildConfigurations = (
				892F29AC1EBC4F450060B558 /* Debug */,
				892F29AD1EBC4F450060B558 /* Release */,
			);
			defaultConfigurationIsVisible = 0;
			defaultConfigurationName = Release;
		};
/* End XCConfigurationList section */
	};
	rootObject = 892F29751EBC4F440060B558 /* Project object */;
}
