// !$*UTF8*$!
{
	archiveVersion = 1;
	classes = {
	};
	objectVersion = 46;
	objects = {

/* Begin PBXBuildFile section */
		892F29BC1EBC50010060B558 /* main.m in Sources */ = {isa = PBXBuildFile; fileRef = 892F29BB1EBC50010060B558 /* main.m */; };
		892F29BF1EBC50010060B558 /* AppDelegate.m in Sources */ = {isa = PBXBuildFile; fileRef = 892F29BE1EBC50010060B558 /* AppDelegate.m */; };
		892F29C21EBC50010060B558 /* ViewController.m in Sources */ = {isa = PBXBuildFile; fileRef = 892F29C11EBC50010060B558 /* ViewController.m */; };
		892F29C51EBC50010060B558 /* Main.storyboard in Resources */ = {isa = PBXBuildFile; fileRef = 892F29C31EBC50010060B558 /* Main.storyboard */; };
		892F29C71EBC50010060B558 /* Assets.xcassets in Resources */ = {isa = PBXBuildFile; fileRef = 892F29C61EBC50010060B558 /* Assets.xcassets */; };
		892F29CA1EBC50010060B558 /* LaunchScreen.storyboard in Resources */ = {isa = PBXBuildFile; fileRef = 892F29C81EBC50010060B558 /* LaunchScreen.storyboard */; };
		892F29D51EBC50010060B558 /* TFPictureBroswer_OCTests.m in Sources */ = {isa = PBXBuildFile; fileRef = 892F29D41EBC50010060B558 /* TFPictureBroswer_OCTests.m */; };
		892F29E01EBC50010060B558 /* TFPictureBroswer_OCUITests.m in Sources */ = {isa = PBXBuildFile; fileRef = 892F29DF1EBC50010060B558 /* TFPictureBroswer_OCUITests.m */; };
/* End PBXBuildFile section */

/* Begin PBXContainerItemProxy section */
		892F29D11EBC50010060B558 /* PBXContainerItemProxy */ = {
			isa = PBXContainerItemProxy;
			containerPortal = 892F29AF1EBC50010060B558 /* Project object */;
			proxyType = 1;
			remoteGlobalIDString = 892F29B61EBC50010060B558;
			remoteInfo = TFPictureBroswer_OC;
		};
		892F29DC1EBC50010060B558 /* PBXContainerItemProxy */ = {
			isa = PBXContainerItemProxy;
			containerPortal = 892F29AF1EBC50010060B558 /* Project object */;
			proxyType = 1;
			remoteGlobalIDString = 892F29B61EBC50010060B558;
			remoteInfo = TFPictureBroswer_OC;
		};
/* End PBXContainerItemProxy section */

/* Begin PBXFileReference section */
		892F29B71EBC50010060B558 /* TFPictureBroswer_OC.app */ = {isa = PBXFileReference; explicitFileType = wrapper.application; includeInIndex = 0; path = TFPictureBroswer_OC.app; sourceTree = BUILT_PRODUCTS_DIR; };
		892F29BB1EBC50010060B558 /* main.m */ = {isa = PBXFileReference; lastKnownFileType = sourcecode.c.objc; path = main.m; sourceTree = "<group>"; };
		892F29BD1EBC50010060B558 /* AppDelegate.h */ = {isa = PBXFileReference; lastKnownFileType = sourcecode.c.h; path = AppDelegate.h; sourceTree = "<group>"; };
		892F29BE1EBC50010060B558 /* AppDelegate.m */ = {isa = PBXFileReference; lastKnownFileType = sourcecode.c.objc; path = AppDelegate.m; sourceTree = "<group>"; };
		892F29C01EBC50010060B558 /* ViewController.h */ = {isa = PBXFileReference; lastKnownFileType = sourcecode.c.h; path = ViewController.h; sourceTree = "<group>"; };
		892F29C11EBC50010060B558 /* ViewController.m */ = {isa = PBXFileReference; lastKnownFileType = sourcecode.c.objc; path = ViewController.m; sourceTree = "<group>"; };
		892F29C41EBC50010060B558 /* Base */ = {isa = PBXFileReference; lastKnownFileType = file.storyboard; name = Base; path = Base.lproj/Main.storyboard; sourceTree = "<group>"; };
		892F29C61EBC50010060B558 /* Assets.xcassets */ = {isa = PBXFileReference; lastKnownFileType = folder.assetcatalog; path = Assets.xcassets; sourceTree = "<group>"; };
		892F29C91EBC50010060B558 /* Base */ = {isa = PBXFileReference; lastKnownFileType = file.storyboard; name = Base; path = Base.lproj/LaunchScreen.storyboard; sourceTree = "<group>"; };
		892F29CB1EBC50010060B558 /* Info.plist */ = {isa = PBXFileReference; lastKnownFileType = text.plist.xml; path = Info.plist; sourceTree = "<group>"; };
		892F29D01EBC50010060B558 /* TFPictureBroswer_OCTests.xctest */ = {isa = PBXFileReference; explicitFileType = wrapper.cfbundle; includeInIndex = 0; path = TFPictureBroswer_OCTests.xctest; sourceTree = BUILT_PRODUCTS_DIR; };
		892F29D41EBC50010060B558 /* TFPictureBroswer_OCTests.m */ = {isa = PBXFileReference; lastKnownFileType = sourcecode.c.objc; path = TFPictureBroswer_OCTests.m; sourceTree = "<group>"; };
		892F29D61EBC50010060B558 /* Info.plist */ = {isa = PBXFileReference; lastKnownFileType = text.plist.xml; path = Info.plist; sourceTree = "<group>"; };
		892F29DB1EBC50010060B558 /* TFPictureBroswer_OCUITests.xctest */ = {isa = PBXFileReference; explicitFileType = wrapper.cfbundle; includeInIndex = 0; path = TFPictureBroswer_OCUITests.xctest; sourceTree = BUILT_PRODUCTS_DIR; };
		892F29DF1EBC50010060B558 /* TFPictureBroswer_OCUITests.m */ = {isa = PBXFileReference; lastKnownFileType = sourcecode.c.objc; path = TFPictureBroswer_OCUITests.m; sourceTree = "<group>"; };
		892F29E11EBC50010060B558 /* Info.plist */ = {isa = PBXFileReference; lastKnownFileType = text.plist.xml; path = Info.plist; sourceTree = "<group>"; };
/* End PBXFileReference section */

/* Begin PBXFrameworksBuildPhase section */
		892F29B41EBC50010060B558 /* Frameworks */ = {
			isa = PBXFrameworksBuildPhase;
			buildActionMask = 2147483647;
			files = (
			);
			runOnlyForDeploymentPostprocessing = 0;
		};
		892F29CD1EBC50010060B558 /* Frameworks */ = {
			isa = PBXFrameworksBuildPhase;
			buildActionMask = 2147483647;
			files = (
			);
			runOnlyForDeploymentPostprocessing = 0;
		};
		892F29D81EBC50010060B558 /* Frameworks */ = {
			isa = PBXFrameworksBuildPhase;
			buildActionMask = 2147483647;
			files = (
			);
			runOnlyForDeploymentPostprocessing = 0;
		};
/* End PBXFrameworksBuildPhase section */

/* Begin PBXGroup section */
		892F29AE1EBC50010060B558 = {
			isa = PBXGroup;
			children = (
				892F29B91EBC50010060B558 /* TFPictureBroswer_OC */,
				892F29D31EBC50010060B558 /* TFPictureBroswer_OCTests */,
				892F29DE1EBC50010060B558 /* TFPictureBroswer_OCUITests */,
				892F29B81EBC50010060B558 /* Products */,
			);
			sourceTree = "<group>";
		};
		892F29B81EBC50010060B558 /* Products */ = {
			isa = PBXGroup;
			children = (
				892F29B71EBC50010060B558 /* TFPictureBroswer_OC.app */,
				892F29D01EBC50010060B558 /* TFPictureBroswer_OCTests.xctest */,
				892F29DB1EBC50010060B558 /* TFPictureBroswer_OCUITests.xctest */,
			);
			name = Products;
			sourceTree = "<group>";
		};
		892F29B91EBC50010060B558 /* TFPictureBroswer_OC */ = {
			isa = PBXGroup;
			children = (
				892F29BD1EBC50010060B558 /* AppDelegate.h */,
				892F29BE1EBC50010060B558 /* AppDelegate.m */,
				892F29C01EBC50010060B558 /* ViewController.h */,
				892F29C11EBC50010060B558 /* ViewController.m */,
				892F29C31EBC50010060B558 /* Main.storyboard */,
				892F29C61EBC50010060B558 /* Assets.xcassets */,
				892F29C81EBC50010060B558 /* LaunchScreen.storyboard */,
				892F29CB1EBC50010060B558 /* Info.plist */,
				892F29BA1EBC50010060B558 /* Supporting Files */,
			);
			path = TFPictureBroswer_OC;
			sourceTree = "<group>";
		};
		892F29BA1EBC50010060B558 /* Supporting Files */ = {
			isa = PBXGroup;
			children = (
				892F29BB1EBC50010060B558 /* main.m */,
			);
			name = "Supporting Files";
			sourceTree = "<group>";
		};
		892F29D31EBC50010060B558 /* TFPictureBroswer_OCTests */ = {
			isa = PBXGroup;
			children = (
				892F29D41EBC50010060B558 /* TFPictureBroswer_OCTests.m */,
				892F29D61EBC50010060B558 /* Info.plist */,
			);
			path = TFPictureBroswer_OCTests;
			sourceTree = "<group>";
		};
		892F29DE1EBC50010060B558 /* TFPictureBroswer_OCUITests */ = {
			isa = PBXGroup;
			children = (
				892F29DF1EBC50010060B558 /* TFPictureBroswer_OCUITests.m */,
				892F29E11EBC50010060B558 /* Info.plist */,
			);
			path = TFPictureBroswer_OCUITests;
			sourceTree = "<group>";
		};
/* End PBXGroup section */

/* Begin PBXNativeTarget section */
		892F29B61EBC50010060B558 /* TFPictureBroswer_OC */ = {
			isa = PBXNativeTarget;
			buildConfigurationList = 892F29E41EBC50010060B558 /* Build configuration list for PBXNativeTarget "TFPictureBroswer_OC" */;
			buildPhases = (
				892F29B31EBC50010060B558 /* Sources */,
				892F29B41EBC50010060B558 /* Frameworks */,
				892F29B51EBC50010060B558 /* Resources */,
			);
			buildRules = (
			);
			dependencies = (
			);
			name = TFPictureBroswer_OC;
			productName = TFPictureBroswer_OC;
			productReference = 892F29B71EBC50010060B558 /* TFPictureBroswer_OC.app */;
			productType = "com.apple.product-type.application";
		};
		892F29CF1EBC50010060B558 /* TFPictureBroswer_OCTests */ = {
			isa = PBXNativeTarget;
			buildConfigurationList = 892F29E71EBC50010060B558 /* Build configuration list for PBXNativeTarget "TFPictureBroswer_OCTests" */;
			buildPhases = (
				892F29CC1EBC50010060B558 /* Sources */,
				892F29CD1EBC50010060B558 /* Frameworks */,
				892F29CE1EBC50010060B558 /* Resources */,
			);
			buildRules = (
			);
			dependencies = (
				892F29D21EBC50010060B558 /* PBXTargetDependency */,
			);
			name = TFPictureBroswer_OCTests;
			productName = TFPictureBroswer_OCTests;
			productReference = 892F29D01EBC50010060B558 /* TFPictureBroswer_OCTests.xctest */;
			productType = "com.apple.product-type.bundle.unit-test";
		};
		892F29DA1EBC50010060B558 /* TFPictureBroswer_OCUITests */ = {
			isa = PBXNativeTarget;
			buildConfigurationList = 892F29EA1EBC50010060B558 /* Build configuration list for PBXNativeTarget "TFPictureBroswer_OCUITests" */;
			buildPhases = (
				892F29D71EBC50010060B558 /* Sources */,
				892F29D81EBC50010060B558 /* Frameworks */,
				892F29D91EBC50010060B558 /* Resources */,
			);
			buildRules = (
			);
			dependencies = (
				892F29DD1EBC50010060B558 /* PBXTargetDependency */,
			);
			name = TFPictureBroswer_OCUITests;
			productName = TFPictureBroswer_OCUITests;
			productReference = 892F29DB1EBC50010060B558 /* TFPictureBroswer_OCUITests.xctest */;
			productType = "com.apple.product-type.bundle.ui-testing";
		};
/* End PBXNativeTarget section */

/* Begin PBXProject section */
		892F29AF1EBC50010060B558 /* Project object */ = {
			isa = PBXProject;
			attributes = {
				LastUpgradeCheck = 0830;
				ORGANIZATIONNAME = ftf;
				TargetAttributes = {
					892F29B61EBC50010060B558 = {
						CreatedOnToolsVersion = 8.3;
						ProvisioningStyle = Automatic;
					};
					892F29CF1EBC50010060B558 = {
						CreatedOnToolsVersion = 8.3;
						ProvisioningStyle = Automatic;
						TestTargetID = 892F29B61EBC50010060B558;
					};
					892F29DA1EBC50010060B558 = {
						CreatedOnToolsVersion = 8.3;
						ProvisioningStyle = Automatic;
						TestTargetID = 892F29B61EBC50010060B558;
					};
				};
			};
			buildConfigurationList = 892F29B21EBC50010060B558 /* Build configuration list for PBXProject "TFPictureBroswer_OC" */;
			compatibilityVersion = "Xcode 3.2";
			developmentRegion = English;
			hasScannedForEncodings = 0;
			knownRegions = (
				en,
				Base,
			);
			mainGroup = 892F29AE1EBC50010060B558;
			productRefGroup = 892F29B81EBC50010060B558 /* Products */;
			projectDirPath = "";
			projectRoot = "";
			targets = (
				892F29B61EBC50010060B558 /* TFPictureBroswer_OC */,
				892F29CF1EBC50010060B558 /* TFPictureBroswer_OCTests */,
				892F29DA1EBC50010060B558 /* TFPictureBroswer_OCUITests */,
			);
		};
/* End PBXProject section */

/* Begin PBXResourcesBuildPhase section */
		892F29B51EBC50010060B558 /* Resources */ = {
			isa = PBXResourcesBuildPhase;
			buildActionMask = 2147483647;
			files = (
				892F29CA1EBC50010060B558 /* LaunchScreen.storyboard in Resources */,
				892F29C71EBC50010060B558 /* Assets.xcassets in Resources */,
				892F29C51EBC50010060B558 /* Main.storyboard in Resources */,
			);
			runOnlyForDeploymentPostprocessing = 0;
		};
		892F29CE1EBC50010060B558 /* Resources */ = {
			isa = PBXResourcesBuildPhase;
			buildActionMask = 2147483647;
			files = (
			);
			runOnlyForDeploymentPostprocessing = 0;
		};
		892F29D91EBC50010060B558 /* Resources */ = {
			isa = PBXResourcesBuildPhase;
			buildActionMask = 2147483647;
			files = (
			);
			runOnlyForDeploymentPostprocessing = 0;
		};
/* End PBXResourcesBuildPhase section */

/* Begin PBXSourcesBuildPhase section */
		892F29B31EBC50010060B558 /* Sources */ = {
			isa = PBXSourcesBuildPhase;
			buildActionMask = 2147483647;
			files = (
				892F29C21EBC50010060B558 /* ViewController.m in Sources */,
				892F29BF1EBC50010060B558 /* AppDelegate.m in Sources */,
				892F29BC1EBC50010060B558 /* main.m in Sources */,
			);
			runOnlyForDeploymentPostprocessing = 0;
		};
		892F29CC1EBC50010060B558 /* Sources */ = {
			isa = PBXSourcesBuildPhase;
			buildActionMask = 2147483647;
			files = (
				892F29D51EBC50010060B558 /* TFPictureBroswer_OCTests.m in Sources */,
			);
			runOnlyForDeploymentPostprocessing = 0;
		};
		892F29D71EBC50010060B558 /* Sources */ = {
			isa = PBXSourcesBuildPhase;
			buildActionMask = 2147483647;
			files = (
				892F29E01EBC50010060B558 /* TFPictureBroswer_OCUITests.m in Sources */,
			);
			runOnlyForDeploymentPostprocessing = 0;
		};
/* End PBXSourcesBuildPhase section */

/* Begin PBXTargetDependency section */
		892F29D21EBC50010060B558 /* PBXTargetDependency */ = {
			isa = PBXTargetDependency;
			target = 892F29B61EBC50010060B558 /* TFPictureBroswer_OC */;
			targetProxy = 892F29D11EBC50010060B558 /* PBXContainerItemProxy */;
		};
		892F29DD1EBC50010060B558 /* PBXTargetDependency */ = {
			isa = PBXTargetDependency;
			target = 892F29B61EBC50010060B558 /* TFPictureBroswer_OC */;
			targetProxy = 892F29DC1EBC50010060B558 /* PBXContainerItemProxy */;
		};
/* End PBXTargetDependency section */

/* Begin PBXVariantGroup section */
		892F29C31EBC50010060B558 /* Main.storyboard */ = {
			isa = PBXVariantGroup;
			children = (
				892F29C41EBC50010060B558 /* Base */,
			);
			name = Main.storyboard;
			sourceTree = "<group>";
		};
		892F29C81EBC50010060B558 /* LaunchScreen.storyboard */ = {
			isa = PBXVariantGroup;
			children = (
				892F29C91EBC50010060B558 /* Base */,
			);
			name = LaunchScreen.storyboard;
			sourceTree = "<group>";
		};
/* End PBXVariantGroup section */

/* Begin XCBuildConfiguration section */
		892F29E21EBC50010060B558 /* Debug */ = {
			isa = XCBuildConfiguration;
			buildSettings = {
				ALWAYS_SEARCH_USER_PATHS = NO;
				CLANG_ANALYZER_NONNULL = YES;
				CLANG_ANALYZER_NUMBER_OBJECT_CONVERSION = YES_AGGRESSIVE;
				CLANG_CXX_LANGUAGE_STANDARD = "gnu++0x";
				CLANG_CXX_LIBRARY = "libc++";
				CLANG_ENABLE_MODULES = YES;
				CLANG_ENABLE_OBJC_ARC = YES;
				CLANG_WARN_BOOL_CONVERSION = YES;
				CLANG_WARN_CONSTANT_CONVERSION = YES;
				CLANG_WARN_DIRECT_OBJC_ISA_USAGE = YES_ERROR;
				CLANG_WARN_DOCUMENTATION_COMMENTS = YES;
				CLANG_WARN_EMPTY_BODY = YES;
				CLANG_WARN_ENUM_CONVERSION = YES;
				CLANG_WARN_INFINITE_RECURSION = YES;
				CLANG_WARN_INT_CONVERSION = YES;
				CLANG_WARN_OBJC_ROOT_CLASS = YES_ERROR;
				CLANG_WARN_SUSPICIOUS_MOVE = YES;
				CLANG_WARN_UNREACHABLE_CODE = YES;
				CLANG_WARN__DUPLICATE_METHOD_MATCH = YES;
				"CODE_SIGN_IDENTITY[sdk=iphoneos*]" = "iPhone Developer";
				COPY_PHASE_STRIP = NO;
				DEBUG_INFORMATION_FORMAT = dwarf;
				ENABLE_STRICT_OBJC_MSGSEND = YES;
				ENABLE_TESTABILITY = YES;
				GCC_C_LANGUAGE_STANDARD = gnu99;
				GCC_DYNAMIC_NO_PIC = NO;
				GCC_NO_COMMON_BLOCKS = YES;
				GCC_OPTIMIZATION_LEVEL = 0;
				GCC_PREPROCESSOR_DEFINITIONS = (
					"DEBUG=1",
					"$(inherited)",
				);
				GCC_WARN_64_TO_32_BIT_CONVERSION = YES;
				GCC_WARN_ABOUT_RETURN_TYPE = YES_ERROR;
				GCC_WARN_UNDECLARED_SELECTOR = YES;
				GCC_WARN_UNINITIALIZED_AUTOS = YES_AGGRESSIVE;
				GCC_WARN_UNUSED_FUNCTION = YES;
				GCC_WARN_UNUSED_VARIABLE = YES;
				IPHONEOS_DEPLOYMENT_TARGET = 10.3;
				MTL_ENABLE_DEBUG_INFO = YES;
				ONLY_ACTIVE_ARCH = YES;
				SDKROOT = iphoneos;
				TARGETED_DEVICE_FAMILY = "1,2";
			};
			name = Debug;
		};
		892F29E31EBC50010060B558 /* Release */ = {
			isa = XCBuildConfiguration;
			buildSettings = {
				ALWAYS_SEARCH_USER_PATHS = NO;
				CLANG_ANALYZER_NONNULL = YES;
				CLANG_ANALYZER_NUMBER_OBJECT_CONVERSION = YES_AGGRESSIVE;
				CLANG_CXX_LANGUAGE_STANDARD = "gnu++0x";
				CLANG_CXX_LIBRARY = "libc++";
				CLANG_ENABLE_MODULES = YES;
				CLANG_ENABLE_OBJC_ARC = YES;
				CLANG_WARN_BOOL_CONVERSION = YES;
				CLANG_WARN_CONSTANT_CONVERSION = YES;
				CLANG_WARN_DIRECT_OBJC_ISA_USAGE = YES_ERROR;
				CLANG_WARN_DOCUMENTATION_COMMENTS = YES;
				CLANG_WARN_EMPTY_BODY = YES;
				CLANG_WARN_ENUM_CONVERSION = YES;
				CLANG_WARN_INFINITE_RECURSION = YES;
				CLANG_WARN_INT_CONVERSION = YES;
				CLANG_WARN_OBJC_ROOT_CLASS = YES_ERROR;
				CLANG_WARN_SUSPICIOUS_MOVE = YES;
				CLANG_WARN_UNREACHABLE_CODE = YES;
				CLANG_WARN__DUPLICATE_METHOD_MATCH = YES;
				"CODE_SIGN_IDENTITY[sdk=iphoneos*]" = "iPhone Developer";
				COPY_PHASE_STRIP = NO;
				DEBUG_INFORMATION_FORMAT = "dwarf-with-dsym";
				ENABLE_NS_ASSERTIONS = NO;
				ENABLE_STRICT_OBJC_MSGSEND = YES;
				GCC_C_LANGUAGE_STANDARD = gnu99;
				GCC_NO_COMMON_BLOCKS = YES;
				GCC_WARN_64_TO_32_BIT_CONVERSION = YES;
				GCC_WARN_ABOUT_RETURN_TYPE = YES_ERROR;
				GCC_WARN_UNDECLARED_SELECTOR = YES;
				GCC_WARN_UNINITIALIZED_AUTOS = YES_AGGRESSIVE;
				GCC_WARN_UNUSED_FUNCTION = YES;
				GCC_WARN_UNUSED_VARIABLE = YES;
				IPHONEOS_DEPLOYMENT_TARGET = 10.3;
				MTL_ENABLE_DEBUG_INFO = NO;
				SDKROOT = iphoneos;
				TARGETED_DEVICE_FAMILY = "1,2";
				VALIDATE_PRODUCT = YES;
			};
			name = Release;
		};
		892F29E51EBC50010060B558 /* Debug */ = {
			isa = XCBuildConfiguration;
			buildSettings = {
				ASSETCATALOG_COMPILER_APPICON_NAME = AppIcon;
				INFOPLIST_FILE = TFPictureBroswer_OC/Info.plist;
				LD_RUNPATH_SEARCH_PATHS = "$(inherited) @executable_path/Frameworks";
				PRODUCT_BUNDLE_IDENTIFIER = "com.ftf.broswer.TFPictureBroswer-OC";
				PRODUCT_NAME = "$(TARGET_NAME)";
			};
			name = Debug;
		};
		892F29E61EBC50010060B558 /* Release */ = {
			isa = XCBuildConfiguration;
			buildSettings = {
				ASSETCATALOG_COMPILER_APPICON_NAME = AppIcon;
				INFOPLIST_FILE = TFPictureBroswer_OC/Info.plist;
				LD_RUNPATH_SEARCH_PATHS = "$(inherited) @executable_path/Frameworks";
				PRODUCT_BUNDLE_IDENTIFIER = "com.ftf.broswer.TFPictureBroswer-OC";
				PRODUCT_NAME = "$(TARGET_NAME)";
			};
			name = Release;
		};
		892F29E81EBC50010060B558 /* Debug */ = {
			isa = XCBuildConfiguration;
			buildSettings = {
				BUNDLE_LOADER = "$(TEST_HOST)";
				INFOPLIST_FILE = TFPictureBroswer_OCTests/Info.plist;
				LD_RUNPATH_SEARCH_PATHS = "$(inherited) @executable_path/Frameworks @loader_path/Frameworks";
				PRODUCT_BUNDLE_IDENTIFIER = "com.ftf.broswer.TFPictureBroswer-OCTests";
				PRODUCT_NAME = "$(TARGET_NAME)";
				TEST_HOST = "$(BUILT_PRODUCTS_DIR)/TFPictureBroswer_OC.app/TFPictureBroswer_OC";
			};
			name = Debug;
		};
		892F29E91EBC50010060B558 /* Release */ = {
			isa = XCBuildConfiguration;
			buildSettings = {
				BUNDLE_LOADER = "$(TEST_HOST)";
				INFOPLIST_FILE = TFPictureBroswer_OCTests/Info.plist;
				LD_RUNPATH_SEARCH_PATHS = "$(inherited) @executable_path/Frameworks @loader_path/Frameworks";
				PRODUCT_BUNDLE_IDENTIFIER = "com.ftf.broswer.TFPictureBroswer-OCTests";
				PRODUCT_NAME = "$(TARGET_NAME)";
				TEST_HOST = "$(BUILT_PRODUCTS_DIR)/TFPictureBroswer_OC.app/TFPictureBroswer_OC";
			};
			name = Release;
		};
		892F29EB1EBC50010060B558 /* Debug */ = {
			isa = XCBuildConfiguration;
			buildSettings = {
				INFOPLIST_FILE = TFPictureBroswer_OCUITests/Info.plist;
				LD_RUNPATH_SEARCH_PATHS = "$(inherited) @executable_path/Frameworks @loader_path/Frameworks";
				PRODUCT_BUNDLE_IDENTIFIER = "com.ftf.broswer.TFPictureBroswer-OCUITests";
				PRODUCT_NAME = "$(TARGET_NAME)";
				TEST_TARGET_NAME = TFPictureBroswer_OC;
			};
			name = Debug;
		};
		892F29EC1EBC50010060B558 /* Release */ = {
			isa = XCBuildConfiguration;
			buildSettings = {
				INFOPLIST_FILE = TFPictureBroswer_OCUITests/Info.plist;
				LD_RUNPATH_SEARCH_PATHS = "$(inherited) @executable_path/Frameworks @loader_path/Frameworks";
				PRODUCT_BUNDLE_IDENTIFIER = "com.ftf.broswer.TFPictureBroswer-OCUITests";
				PRODUCT_NAME = "$(TARGET_NAME)";
				TEST_TARGET_NAME = TFPictureBroswer_OC;
			};
			name = Release;
		};
/* End XCBuildConfiguration section */

/* Begin XCConfigurationList section */
		892F29B21EBC50010060B558 /* Build configuration list for PBXProject "TFPictureBroswer_OC" */ = {
			isa = XCConfigurationList;
			buildConfigurations = (
				892F29E21EBC50010060B558 /* Debug */,
				892F29E31EBC50010060B558 /* Release */,
			);
			defaultConfigurationIsVisible = 0;
			defaultConfigurationName = Release;
		};
		892F29E41EBC50010060B558 /* Build configuration list for PBXNativeTarget "TFPictureBroswer_OC" */ = {
			isa = XCConfigurationList;
			buildConfigurations = (
				892F29E51EBC50010060B558 /* Debug */,
				892F29E61EBC50010060B558 /* Release */,
			);
			defaultConfigurationIsVisible = 0;
		};
		892F29E71EBC50010060B558 /* Build configuration list for PBXNativeTarget "TFPictureBroswer_OCTests" */ = {
			isa = XCConfigurationList;
			buildConfigurations = (
				892F29E81EBC50010060B558 /* Debug */,
				892F29E91EBC50010060B558 /* Release */,
			);
			defaultConfigurationIsVisible = 0;
		};
		892F29EA1EBC50010060B558 /* Build configuration list for PBXNativeTarget "TFPictureBroswer_OCUITests" */ = {
			isa = XCConfigurationList;
			buildConfigurations = (
				892F29EB1EBC50010060B558 /* Debug */,
				892F29EC1EBC50010060B558 /* Release */,
			);
			defaultConfigurationIsVisible = 0;
		};
/* End XCConfigurationList section */
	};
	rootObject = 892F29AF1EBC50010060B558 /* Project object */;
}
